
Microsoft Visual Studio Solution File, Format Version 12.00
# Visual Studio 15
VisualStudioVersion = 15.0.27130.2036
MinimumVisualStudioVersion = 10.0.40219.1
Project("{FAE04EC0-301F-11D3-BF4B-00C04F79EFBC}") = "GoogleWebView.Android", "GoogleWebView\GoogleWebView.Android\GoogleWebView.Android.csproj", "{8E9DC7B5-518A-4B31-9E0D-A392D7E2B68A}"
EndProject
Project("{FAE04EC0-301F-11D3-BF4B-00C04F79EFBC}") = "GoogleWebView.iOS", "GoogleWebView\GoogleWebView.iOS\GoogleWebView.iOS.csproj", "{59AF620B-1A09-4EA5-94B8-19B3CBDA9D8A}"
EndProject
Project("{FAE04EC0-301F-11D3-BF4B-00C04F79EFBC}") = "GoogleWebView.UWP", "GoogleWebView\GoogleWebView.UWP\GoogleWebView.UWP.csproj", "{0B41C1D4-31F3-4C69-AE31-CDAED709A8BA}"
EndProject
Project("{FAE04EC0-301F-11D3-BF4B-00C04F79EFBC}") = "GoogleWebView", "GoogleWebView\GoogleWebView\GoogleWebView.csproj", "{2B6D6C01-9FCC-497B-8710-040DFB49F2D8}"
EndProject
Global
	GlobalSection(SolutionConfigurationPlatforms) = preSolution
		Ad-Hoc|Any CPU = Ad-Hoc|Any CPU
		Ad-Hoc|ARM = Ad-Hoc|ARM
		Ad-Hoc|iPhone = Ad-Hoc|iPhone
		Ad-Hoc|iPhoneSimulator = Ad-Hoc|iPhoneSimulator
		Ad-Hoc|x64 = Ad-Hoc|x64
		Ad-Hoc|x86 = Ad-Hoc|x86
		AppStore|Any CPU = AppStore|Any CPU
		AppStore|ARM = AppStore|ARM
		AppStore|iPhone = AppStore|iPhone
		AppStore|iPhoneSimulator = AppStore|iPhoneSimulator
		AppStore|x64 = AppStore|x64
		AppStore|x86 = AppStore|x86
		Debug|Any CPU = Debug|Any CPU
		Debug|ARM = Debug|ARM
		Debug|iPhone = Debug|iPhone
		Debug|iPhoneSimulator = Debug|iPhoneSimulator
		Debug|x64 = Debug|x64
		Debug|x86 = Debug|x86
		Release|Any CPU = Release|Any CPU
		Release|ARM = Release|ARM
		Release|iPhone = Release|iPhone
		Release|iPhoneSimulator = Release|iPhoneSimulator
		Release|x64 = Release|x64
		Release|x86 = Release|x86
	EndGlobalSection
	GlobalSection(ProjectConfigurationPlatforms) = postSolution
		{8E9DC7B5-518A-4B31-9E0D-A392D7E2B68A}.Ad-Hoc|Any CPU.ActiveCfg = Release|Any CPU
		{8E9DC7B5-518A-4B31-9E0D-A392D7E2B68A}.Ad-Hoc|Any CPU.Build.0 = Release|Any CPU
		{8E9DC7B5-518A-4B31-9E0D-A392D7E2B68A}.Ad-Hoc|Any CPU.Deploy.0 = Release|Any CPU
		{8E9DC7B5-518A-4B31-9E0D-A392D7E2B68A}.Ad-Hoc|ARM.ActiveCfg = Release|Any CPU
		{8E9DC7B5-518A-4B31-9E0D-A392D7E2B68A}.Ad-Hoc|ARM.Build.0 = Release|Any CPU
		{8E9DC7B5-518A-4B31-9E0D-A392D7E2B68A}.Ad-Hoc|ARM.Deploy.0 = Release|Any CPU
		{8E9DC7B5-518A-4B31-9E0D-A392D7E2B68A}.Ad-Hoc|iPhone.ActiveCfg = Release|Any CPU
		{8E9DC7B5-518A-4B31-9E0D-A392D7E2B68A}.Ad-Hoc|iPhone.Build.0 = Release|Any CPU
		{8E9DC7B5-518A-4B31-9E0D-A392D7E2B68A}.Ad-Hoc|iPhone.Deploy.0 = Release|Any CPU
		{8E9DC7B5-518A-4B31-9E0D-A392D7E2B68A}.Ad-Hoc|iPhoneSimulator.ActiveCfg = Release|Any CPU
		{8E9DC7B5-518A-4B31-9E0D-A392D7E2B68A}.Ad-Hoc|iPhoneSimulator.Build.0 = Release|Any CPU
		{8E9DC7B5-518A-4B31-9E0D-A392D7E2B68A}.Ad-Hoc|iPhoneSimulator.Deploy.0 = Release|Any CPU
		{8E9DC7B5-518A-4B31-9E0D-A392D7E2B68A}.Ad-Hoc|x64.ActiveCfg = Release|Any CPU
		{8E9DC7B5-518A-4B31-9E0D-A392D7E2B68A}.Ad-Hoc|x64.Build.0 = Release|Any CPU
		{8E9DC7B5-518A-4B31-9E0D-A392D7E2B68A}.Ad-Hoc|x64.Deploy.0 = Release|Any CPU
		{8E9DC7B5-518A-4B31-9E0D-A392D7E2B68A}.Ad-Hoc|x86.ActiveCfg = Release|Any CPU
		{8E9DC7B5-518A-4B31-9E0D-A392D7E2B68A}.Ad-Hoc|x86.Build.0 = Release|Any CPU
		{8E9DC7B5-518A-4B31-9E0D-A392D7E2B68A}.Ad-Hoc|x86.Deploy.0 = Release|Any CPU
		{8E9DC7B5-518A-4B31-9E0D-A392D7E2B68A}.AppStore|Any CPU.ActiveCfg = Release|Any CPU
		{8E9DC7B5-518A-4B31-9E0D-A392D7E2B68A}.AppStore|Any CPU.Build.0 = Release|Any CPU
		{8E9DC7B5-518A-4B31-9E0D-A392D7E2B68A}.AppStore|Any CPU.Deploy.0 = Release|Any CPU
		{8E9DC7B5-518A-4B31-9E0D-A392D7E2B68A}.AppStore|ARM.ActiveCfg = Release|Any CPU
		{8E9DC7B5-518A-4B31-9E0D-A392D7E2B68A}.AppStore|ARM.Build.0 = Release|Any CPU
		{8E9DC7B5-518A-4B31-9E0D-A392D7E2B68A}.AppStore|ARM.Deploy.0 = Release|Any CPU
		{8E9DC7B5-518A-4B31-9E0D-A392D7E2B68A}.AppStore|iPhone.ActiveCfg = Release|Any CPU
		{8E9DC7B5-518A-4B31-9E0D-A392D7E2B68A}.AppStore|iPhone.Build.0 = Release|Any CPU
		{8E9DC7B5-518A-4B31-9E0D-A392D7E2B68A}.AppStore|iPhone.Deploy.0 = Release|Any CPU
		{8E9DC7B5-518A-4B31-9E0D-A392D7E2B68A}.AppStore|iPhoneSimulator.ActiveCfg = Release|Any CPU
		{8E9DC7B5-518A-4B31-9E0D-A392D7E2B68A}.AppStore|iPhoneSimulator.Build.0 = Release|Any CPU
		{8E9DC7B5-518A-4B31-9E0D-A392D7E2B68A}.AppStore|iPhoneSimulator.Deploy.0 = Release|Any CPU
		{8E9DC7B5-518A-4B31-9E0D-A392D7E2B68A}.AppStore|x64.ActiveCfg = Release|Any CPU
		{8E9DC7B5-518A-4B31-9E0D-A392D7E2B68A}.AppStore|x64.Build.0 = Release|Any CPU
		{8E9DC7B5-518A-4B31-9E0D-A392D7E2B68A}.AppStore|x64.Deploy.0 = Release|Any CPU
		{8E9DC7B5-518A-4B31-9E0D-A392D7E2B68A}.AppStore|x86.ActiveCfg = Release|Any CPU
		{8E9DC7B5-518A-4B31-9E0D-A392D7E2B68A}.AppStore|x86.Build.0 = Release|Any CPU
		{8E9DC7B5-518A-4B31-9E0D-A392D7E2B68A}.AppStore|x86.Deploy.0 = Release|Any CPU
		{8E9DC7B5-518A-4B31-9E0D-A392D7E2B68A}.Debug|Any CPU.ActiveCfg = Debug|Any CPU
		{8E9DC7B5-518A-4B31-9E0D-A392D7E2B68A}.Debug|Any CPU.Build.0 = Debug|Any CPU
		{8E9DC7B5-518A-4B31-9E0D-A392D7E2B68A}.Debug|Any CPU.Deploy.0 = Debug|Any CPU
		{8E9DC7B5-518A-4B31-9E0D-A392D7E2B68A}.Debug|ARM.ActiveCfg = Debug|Any CPU
		{8E9DC7B5-518A-4B31-9E0D-A392D7E2B68A}.Debug|ARM.Build.0 = Debug|Any CPU
		{8E9DC7B5-518A-4B31-9E0D-A392D7E2B68A}.Debug|ARM.Deploy.0 = Debug|Any CPU
		{8E9DC7B5-518A-4B31-9E0D-A392D7E2B68A}.Debug|iPhone.ActiveCfg = Debug|Any CPU
		{8E9DC7B5-518A-4B31-9E0D-A392D7E2B68A}.Debug|iPhone.Build.0 = Debug|Any CPU
		{8E9DC7B5-518A-4B31-9E0D-A392D7E2B68A}.Debug|iPhone.Deploy.0 = Debug|Any CPU
		{8E9DC7B5-518A-4B31-9E0D-A392D7E2B68A}.Debug|iPhoneSimulator.ActiveCfg = Debug|Any CPU
		{8E9DC7B5-518A-4B31-9E0D-A392D7E2B68A}.Debug|iPhoneSimulator.Build.0 = Debug|Any CPU
		{8E9DC7B5-518A-4B31-9E0D-A392D7E2B68A}.Debug|iPhoneSimulator.Deploy.0 = Debug|Any CPU
		{8E9DC7B5-518A-4B31-9E0D-A392D7E2B68A}.Debug|x64.ActiveCfg = Debug|Any CPU
		{8E9DC7B5-518A-4B31-9E0D-A392D7E2B68A}.Debug|x64.Build.0 = Debug|Any CPU
		{8E9DC7B5-518A-4B31-9E0D-A392D7E2B68A}.Debug|x64.Deploy.0 = Debug|Any CPU
		{8E9DC7B5-518A-4B31-9E0D-A392D7E2B68A}.Debug|x86.ActiveCfg = Debug|Any CPU
		{8E9DC7B5-518A-4B31-9E0D-A392D7E2B68A}.Debug|x86.Build.0 = Debug|Any CPU
		{8E9DC7B5-518A-4B31-9E0D-A392D7E2B68A}.Debug|x86.Deploy.0 = Debug|Any CPU
		{8E9DC7B5-518A-4B31-9E0D-A392D7E2B68A}.Release|Any CPU.ActiveCfg = Release|Any CPU
		{8E9DC7B5-518A-4B31-9E0D-A392D7E2B68A}.Release|Any CPU.Build.0 = Release|Any CPU
		{8E9DC7B5-518A-4B31-9E0D-A392D7E2B68A}.Release|Any CPU.Deploy.0 = Release|Any CPU
		{8E9DC7B5-518A-4B31-9E0D-A392D7E2B68A}.Release|ARM.ActiveCfg = Release|Any CPU
		{8E9DC7B5-518A-4B31-9E0D-A392D7E2B68A}.Release|ARM.Build.0 = Release|Any CPU
		{8E9DC7B5-518A-4B31-9E0D-A392D7E2B68A}.Release|ARM.Deploy.0 = Release|Any CPU
		{8E9DC7B5-518A-4B31-9E0D-A392D7E2B68A}.Release|iPhone.ActiveCfg = Release|Any CPU
		{8E9DC7B5-518A-4B31-9E0D-A392D7E2B68A}.Release|iPhone.Build.0 = Release|Any CPU
		{8E9DC7B5-518A-4B31-9E0D-A392D7E2B68A}.Release|iPhone.Deploy.0 = Release|Any CPU
		{8E9DC7B5-518A-4B31-9E0D-A392D7E2B68A}.Release|iPhoneSimulator.ActiveCfg = Release|Any CPU
		{8E9DC7B5-518A-4B31-9E0D-A392D7E2B68A}.Release|iPhoneSimulator.Build.0 = Release|Any CPU
		{8E9DC7B5-518A-4B31-9E0D-A392D7E2B68A}.Release|iPhoneSimulator.Deploy.0 = Release|Any CPU
		{8E9DC7B5-518A-4B31-9E0D-A392D7E2B68A}.Release|x64.ActiveCfg = Release|Any CPU
		{8E9DC7B5-518A-4B31-9E0D-A392D7E2B68A}.Release|x64.Build.0 = Release|Any CPU
		{8E9DC7B5-518A-4B31-9E0D-A392D7E2B68A}.Release|x64.Deploy.0 = Release|Any CPU
		{8E9DC7B5-518A-4B31-9E0D-A392D7E2B68A}.Release|x86.ActiveCfg = Release|Any CPU
		{8E9DC7B5-518A-4B31-9E0D-A392D7E2B68A}.Release|x86.Build.0 = Release|Any CPU
		{8E9DC7B5-518A-4B31-9E0D-A392D7E2B68A}.Release|x86.Deploy.0 = Release|Any CPU
		{59AF620B-1A09-4EA5-94B8-19B3CBDA9D8A}.Ad-Hoc|Any CPU.ActiveCfg = Ad-Hoc|iPhone
		{59AF620B-1A09-4EA5-94B8-19B3CBDA9D8A}.Ad-Hoc|ARM.ActiveCfg = Ad-Hoc|iPhone
		{59AF620B-1A09-4EA5-94B8-19B3CBDA9D8A}.Ad-Hoc|iPhone.ActiveCfg = Ad-Hoc|iPhone
		{59AF620B-1A09-4EA5-94B8-19B3CBDA9D8A}.Ad-Hoc|iPhone.Build.0 = Ad-Hoc|iPhone
		{59AF620B-1A09-4EA5-94B8-19B3CBDA9D8A}.Ad-Hoc|iPhoneSimulator.ActiveCfg = Ad-Hoc|iPhoneSimulator
		{59AF620B-1A09-4EA5-94B8-19B3CBDA9D8A}.Ad-Hoc|iPhoneSimulator.Build.0 = Ad-Hoc|iPhoneSimulator
		{59AF620B-1A09-4EA5-94B8-19B3CBDA9D8A}.Ad-Hoc|x64.ActiveCfg = Ad-Hoc|iPhone
		{59AF620B-1A09-4EA5-94B8-19B3CBDA9D8A}.Ad-Hoc|x86.ActiveCfg = Ad-Hoc|iPhone
		{59AF620B-1A09-4EA5-94B8-19B3CBDA9D8A}.AppStore|Any CPU.ActiveCfg = AppStore|iPhone
		{59AF620B-1A09-4EA5-94B8-19B3CBDA9D8A}.AppStore|ARM.ActiveCfg = AppStore|iPhone
		{59AF620B-1A09-4EA5-94B8-19B3CBDA9D8A}.AppStore|iPhone.ActiveCfg = AppStore|iPhone
		{59AF620B-1A09-4EA5-94B8-19B3CBDA9D8A}.AppStore|iPhone.Build.0 = AppStore|iPhone
		{59AF620B-1A09-4EA5-94B8-19B3CBDA9D8A}.AppStore|iPhoneSimulator.ActiveCfg = AppStore|iPhoneSimulator
		{59AF620B-1A09-4EA5-94B8-19B3CBDA9D8A}.AppStore|iPhoneSimulator.Build.0 = AppStore|iPhoneSimulator
		{59AF620B-1A09-4EA5-94B8-19B3CBDA9D8A}.AppStore|x64.ActiveCfg = AppStore|iPhone
		{59AF620B-1A09-4EA5-94B8-19B3CBDA9D8A}.AppStore|x86.ActiveCfg = AppStore|iPhone
		{59AF620B-1A09-4EA5-94B8-19B3CBDA9D8A}.Debug|Any CPU.ActiveCfg = Debug|iPhone
		{59AF620B-1A09-4EA5-94B8-19B3CBDA9D8A}.Debug|ARM.ActiveCfg = Debug|iPhone
		{59AF620B-1A09-4EA5-94B8-19B3CBDA9D8A}.Debug|iPhone.ActiveCfg = Debug|iPhone
		{59AF620B-1A09-4EA5-94B8-19B3CBDA9D8A}.Debug|iPhone.Build.0 = Debug|iPhone
		{59AF620B-1A09-4EA5-94B8-19B3CBDA9D8A}.Debug|iPhoneSimulator.ActiveCfg = Debug|iPhoneSimulator
		{59AF620B-1A09-4EA5-94B8-19B3CBDA9D8A}.Debug|iPhoneSimulator.Build.0 = Debug|iPhoneSimulator
		{59AF620B-1A09-4EA5-94B8-19B3CBDA9D8A}.Debug|x64.ActiveCfg = Debug|iPhone
		{59AF620B-1A09-4EA5-94B8-19B3CBDA9D8A}.Debug|x86.ActiveCfg = Debug|iPhone
		{59AF620B-1A09-4EA5-94B8-19B3CBDA9D8A}.Release|Any CPU.ActiveCfg = Release|iPhone
		{59AF620B-1A09-4EA5-94B8-19B3CBDA9D8A}.Release|ARM.ActiveCfg = Release|iPhone
		{59AF620B-1A09-4EA5-94B8-19B3CBDA9D8A}.Release|iPhone.ActiveCfg = Release|iPhone
		{59AF620B-1A09-4EA5-94B8-19B3CBDA9D8A}.Release|iPhone.Build.0 = Release|iPhone
		{59AF620B-1A09-4EA5-94B8-19B3CBDA9D8A}.Release|iPhoneSimulator.ActiveCfg = Release|iPhoneSimulator
		{59AF620B-1A09-4EA5-94B8-19B3CBDA9D8A}.Release|iPhoneSimulator.Build.0 = Release|iPhoneSimulator
		{59AF620B-1A09-4EA5-94B8-19B3CBDA9D8A}.Release|x64.ActiveCfg = Release|iPhone
		{59AF620B-1A09-4EA5-94B8-19B3CBDA9D8A}.Release|x86.ActiveCfg = Release|iPhone
		{0B41C1D4-31F3-4C69-AE31-CDAED709A8BA}.Ad-Hoc|Any CPU.ActiveCfg = Release|x86
		{0B41C1D4-31F3-4C69-AE31-CDAED709A8BA}.Ad-Hoc|Any CPU.Build.0 = Release|x86
		{0B41C1D4-31F3-4C69-AE31-CDAED709A8BA}.Ad-Hoc|Any CPU.Deploy.0 = Release|x86
		{0B41C1D4-31F3-4C69-AE31-CDAED709A8BA}.Ad-Hoc|ARM.ActiveCfg = Release|ARM
		{0B41C1D4-31F3-4C69-AE31-CDAED709A8BA}.Ad-Hoc|ARM.Build.0 = Release|ARM
		{0B41C1D4-31F3-4C69-AE31-CDAED709A8BA}.Ad-Hoc|ARM.Deploy.0 = Release|ARM
		{0B41C1D4-31F3-4C69-AE31-CDAED709A8BA}.Ad-Hoc|iPhone.ActiveCfg = Release|x86
		{0B41C1D4-31F3-4C69-AE31-CDAED709A8BA}.Ad-Hoc|iPhone.Build.0 = Release|x86
		{0B41C1D4-31F3-4C69-AE31-CDAED709A8BA}.Ad-Hoc|iPhone.Deploy.0 = Release|x86
		{0B41C1D4-31F3-4C69-AE31-CDAED709A8BA}.Ad-Hoc|iPhoneSimulator.ActiveCfg = Release|x86
		{0B41C1D4-31F3-4C69-AE31-CDAED709A8BA}.Ad-Hoc|iPhoneSimulator.Build.0 = Release|x86
		{0B41C1D4-31F3-4C69-AE31-CDAED709A8BA}.Ad-Hoc|iPhoneSimulator.Deploy.0 = Release|x86
		{0B41C1D4-31F3-4C69-AE31-CDAED709A8BA}.Ad-Hoc|x64.ActiveCfg = Release|x64
		{0B41C1D4-31F3-4C69-AE31-CDAED709A8BA}.Ad-Hoc|x64.Build.0 = Release|x64
		{0B41C1D4-31F3-4C69-AE31-CDAED709A8BA}.Ad-Hoc|x64.Deploy.0 = Release|x64
		{0B41C1D4-31F3-4C69-AE31-CDAED709A8BA}.Ad-Hoc|x86.ActiveCfg = Release|x86
		{0B41C1D4-31F3-4C69-AE31-CDAED709A8BA}.Ad-Hoc|x86.Build.0 = Release|x86
		{0B41C1D4-31F3-4C69-AE31-CDAED709A8BA}.Ad-Hoc|x86.Deploy.0 = Release|x86
		{0B41C1D4-31F3-4C69-AE31-CDAED709A8BA}.AppStore|Any CPU.ActiveCfg = Release|x86
		{0B41C1D4-31F3-4C69-AE31-CDAED709A8BA}.AppStore|Any CPU.Build.0 = Release|x86
		{0B41C1D4-31F3-4C69-AE31-CDAED709A8BA}.AppStore|Any CPU.Deploy.0 = Release|x86
		{0B41C1D4-31F3-4C69-AE31-CDAED709A8BA}.AppStore|ARM.ActiveCfg = Release|ARM
		{0B41C1D4-31F3-4C69-AE31-CDAED709A8BA}.AppStore|ARM.Build.0 = Release|ARM
		{0B41C1D4-31F3-4C69-AE31-CDAED709A8BA}.AppStore|ARM.Deploy.0 = Release|ARM
		{0B41C1D4-31F3-4C69-AE31-CDAED709A8BA}.AppStore|iPhone.ActiveCfg = Release|x86
		{0B41C1D4-31F3-4C69-AE31-CDAED709A8BA}.AppStore|iPhone.Build.0 = Release|x86
		{0B41C1D4-31F3-4C69-AE31-CDAED709A8BA}.AppStore|iPhone.Deploy.0 = Release|x86
		{0B41C1D4-31F3-4C69-AE31-CDAED709A8BA}.AppStore|iPhoneSimulator.ActiveCfg = Release|x86
		{0B41C1D4-31F3-4C69-AE31-CDAED709A8BA}.AppStore|iPhoneSimulator.Build.0 = Release|x86
		{0B41C1D4-31F3-4C69-AE31-CDAED709A8BA}.AppStore|iPhoneSimulator.Deploy.0 = Release|x86
		{0B41C1D4-31F3-4C69-AE31-CDAED709A8BA}.AppStore|x64.ActiveCfg = Release|x64
		{0B41C1D4-31F3-4C69-AE31-CDAED709A8BA}.AppStore|x64.Build.0 = Release|x64
		{0B41C1D4-31F3-4C69-AE31-CDAED709A8BA}.AppStore|x64.Deploy.0 = Release|x64
		{0B41C1D4-31F3-4C69-AE31-CDAED709A8BA}.AppStore|x86.ActiveCfg = Release|x86
		{0B41C1D4-31F3-4C69-AE31-CDAED709A8BA}.AppStore|x86.Build.0 = Release|x86
		{0B41C1D4-31F3-4C69-AE31-CDAED709A8BA}.AppStore|x86.Deploy.0 = Release|x86
		{0B41C1D4-31F3-4C69-AE31-CDAED709A8BA}.Debug|Any CPU.ActiveCfg = Debug|x86
		{0B41C1D4-31F3-4C69-AE31-CDAED709A8BA}.Debug|ARM.ActiveCfg = Debug|ARM
		{0B41C1D4-31F3-4C69-AE31-CDAED709A8BA}.Debug|ARM.Build.0 = Debug|ARM
		{0B41C1D4-31F3-4C69-AE31-CDAED709A8BA}.Debug|ARM.Deploy.0 = Debug|ARM
		{0B41C1D4-31F3-4C69-AE31-CDAED709A8BA}.Debug|iPhone.ActiveCfg = Debug|x86
		{0B41C1D4-31F3-4C69-AE31-CDAED709A8BA}.Debug|iPhoneSimulator.ActiveCfg = Debug|x86
		{0B41C1D4-31F3-4C69-AE31-CDAED709A8BA}.Debug|x64.ActiveCfg = Debug|x64
		{0B41C1D4-31F3-4C69-AE31-CDAED709A8BA}.Debug|x64.Build.0 = Debug|x64
		{0B41C1D4-31F3-4C69-AE31-CDAED709A8BA}.Debug|x64.Deploy.0 = Debug|x64
		{0B41C1D4-31F3-4C69-AE31-CDAED709A8BA}.Debug|x86.ActiveCfg = Debug|x86
		{0B41C1D4-31F3-4C69-AE31-CDAED709A8BA}.Debug|x86.Build.0 = Debug|x86
		{0B41C1D4-31F3-4C69-AE31-CDAED709A8BA}.Debug|x86.Deploy.0 = Debug|x86
		{0B41C1D4-31F3-4C69-AE31-CDAED709A8BA}.Release|Any CPU.ActiveCfg = Release|x86
		{0B41C1D4-31F3-4C69-AE31-CDAED709A8BA}.Release|ARM.ActiveCfg = Release|ARM
		{0B41C1D4-31F3-4C69-AE31-CDAED709A8BA}.Release|ARM.Build.0 = Release|ARM
		{0B41C1D4-31F3-4C69-AE31-CDAED709A8BA}.Release|ARM.Deploy.0 = Release|ARM
		{0B41C1D4-31F3-4C69-AE31-CDAED709A8BA}.Release|iPhone.ActiveCfg = Release|x86
		{0B41C1D4-31F3-4C69-AE31-CDAED709A8BA}.Release|iPhoneSimulator.ActiveCfg = Release|x86
		{0B41C1D4-31F3-4C69-AE31-CDAED709A8BA}.Release|x64.ActiveCfg = Release|x64
		{0B41C1D4-31F3-4C69-AE31-CDAED709A8BA}.Release|x64.Build.0 = Release|x64
		{0B41C1D4-31F3-4C69-AE31-CDAED709A8BA}.Release|x64.Deploy.0 = Release|x64
		{0B41C1D4-31F3-4C69-AE31-CDAED709A8BA}.Release|x86.ActiveCfg = Release|x86
		{0B41C1D4-31F3-4C69-AE31-CDAED709A8BA}.Release|x86.Build.0 = Release|x86
		{0B41C1D4-31F3-4C69-AE31-CDAED709A8BA}.Release|x86.Deploy.0 = Release|x86
		{2B6D6C01-9FCC-497B-8710-040DFB49F2D8}.Ad-Hoc|Any CPU.ActiveCfg = Debug|Any CPU
		{2B6D6C01-9FCC-497B-8710-040DFB49F2D8}.Ad-Hoc|Any CPU.Build.0 = Debug|Any CPU
		{2B6D6C01-9FCC-497B-8710-040DFB49F2D8}.Ad-Hoc|ARM.ActiveCfg = Debug|Any CPU
		{2B6D6C01-9FCC-497B-8710-040DFB49F2D8}.Ad-Hoc|ARM.Build.0 = Debug|Any CPU
		{2B6D6C01-9FCC-497B-8710-040DFB49F2D8}.Ad-Hoc|iPhone.ActiveCfg = Debug|Any CPU
		{2B6D6C01-9FCC-497B-8710-040DFB49F2D8}.Ad-Hoc|iPhone.Build.0 = Debug|Any CPU
		{2B6D6C01-9FCC-497B-8710-040DFB49F2D8}.Ad-Hoc|iPhoneSimulator.ActiveCfg = Debug|Any CPU
		{2B6D6C01-9FCC-497B-8710-040DFB49F2D8}.Ad-Hoc|iPhoneSimulator.Build.0 = Debug|Any CPU
		{2B6D6C01-9FCC-497B-8710-040DFB49F2D8}.Ad-Hoc|x64.ActiveCfg = Debug|Any CPU
		{2B6D6C01-9FCC-497B-8710-040DFB49F2D8}.Ad-Hoc|x64.Build.0 = Debug|Any CPU
		{2B6D6C01-9FCC-497B-8710-040DFB49F2D8}.Ad-Hoc|x86.ActiveCfg = Debug|Any CPU
		{2B6D6C01-9FCC-497B-8710-040DFB49F2D8}.Ad-Hoc|x86.Build.0 = Debug|Any CPU
		{2B6D6C01-9FCC-497B-8710-040DFB49F2D8}.AppStore|Any CPU.ActiveCfg = Debug|Any CPU
		{2B6D6C01-9FCC-497B-8710-040DFB49F2D8}.AppStore|Any CPU.Build.0 = Debug|Any CPU
		{2B6D6C01-9FCC-497B-8710-040DFB49F2D8}.AppStore|ARM.ActiveCfg = Debug|Any CPU
		{2B6D6C01-9FCC-497B-8710-040DFB49F2D8}.AppStore|ARM.Build.0 = Debug|Any CPU
		{2B6D6C01-9FCC-497B-8710-040DFB49F2D8}.AppStore|iPhone.ActiveCfg = Debug|Any CPU
		{2B6D6C01-9FCC-497B-8710-040DFB49F2D8}.AppStore|iPhone.Build.0 = Debug|Any CPU
		{2B6D6C01-9FCC-497B-8710-040DFB49F2D8}.AppStore|iPhoneSimulator.ActiveCfg = Debug|Any CPU
		{2B6D6C01-9FCC-497B-8710-040DFB49F2D8}.AppStore|iPhoneSimulator.Build.0 = Debug|Any CPU
		{2B6D6C01-9FCC-497B-8710-040DFB49F2D8}.AppStore|x64.ActiveCfg = Debug|Any CPU
		{2B6D6C01-9FCC-497B-8710-040DFB49F2D8}.AppStore|x64.Build.0 = Debug|Any CPU
		{2B6D6C01-9FCC-497B-8710-040DFB49F2D8}.AppStore|x86.ActiveCfg = Debug|Any CPU
		{2B6D6C01-9FCC-497B-8710-040DFB49F2D8}.AppStore|x86.Build.0 = Debug|Any CPU
		{2B6D6C01-9FCC-497B-8710-040DFB49F2D8}.Debug|Any CPU.ActiveCfg = Debug|Any CPU
		{2B6D6C01-9FCC-497B-8710-040DFB49F2D8}.Debug|Any CPU.Build.0 = Debug|Any CPU
		{2B6D6C01-9FCC-497B-8710-040DFB49F2D8}.Debug|ARM.ActiveCfg = Debug|Any CPU
		{2B6D6C01-9FCC-497B-8710-040DFB49F2D8}.Debug|ARM.Build.0 = Debug|Any CPU
		{2B6D6C01-9FCC-497B-8710-040DFB49F2D8}.Debug|iPhone.ActiveCfg = Debug|Any CPU
		{2B6D6C01-9FCC-497B-8710-040DFB49F2D8}.Debug|iPhone.Build.0 = Debug|Any CPU
		{2B6D6C01-9FCC-497B-8710-040DFB49F2D8}.Debug|iPhoneSimulator.ActiveCfg = Debug|Any CPU
		{2B6D6C01-9FCC-497B-8710-040DFB49F2D8}.Debug|iPhoneSimulator.Build.0 = Debug|Any CPU
		{2B6D6C01-9FCC-497B-8710-040DFB49F2D8}.Debug|x64.ActiveCfg = Debug|Any CPU
		{2B6D6C01-9FCC-497B-8710-040DFB49F2D8}.Debug|x64.Build.0 = Debug|Any CPU
		{2B6D6C01-9FCC-497B-8710-040DFB49F2D8}.Debug|x86.ActiveCfg = Debug|Any CPU
		{2B6D6C01-9FCC-497B-8710-040DFB49F2D8}.Debug|x86.Build.0 = Debug|Any CPU
		{2B6D6C01-9FCC-497B-8710-040DFB49F2D8}.Release|Any CPU.ActiveCfg = Release|Any CPU
		{2B6D6C01-9FCC-497B-8710-040DFB49F2D8}.Release|Any CPU.Build.0 = Release|Any CPU
		{2B6D6C01-9FCC-497B-8710-040DFB49F2D8}.Release|ARM.ActiveCfg = Release|Any CPU
		{2B6D6C01-9FCC-497B-8710-040DFB49F2D8}.Release|ARM.Build.0 = Release|Any CPU
		{2B6D6C01-9FCC-497B-8710-040DFB49F2D8}.Release|iPhone.ActiveCfg = Release|Any CPU
		{2B6D6C01-9FCC-497B-8710-040DFB49F2D8}.Release|iPhone.Build.0 = Release|Any CPU
		{2B6D6C01-9FCC-497B-8710-040DFB49F2D8}.Release|iPhoneSimulator.ActiveCfg = Release|Any CPU
		{2B6D6C01-9FCC-497B-8710-040DFB49F2D8}.Release|iPhoneSimulator.Build.0 = Release|Any CPU
		{2B6D6C01-9FCC-497B-8710-040DFB49F2D8}.Release|x64.ActiveCfg = Release|Any CPU
		{2B6D6C01-9FCC-497B-8710-040DFB49F2D8}.Release|x64.Build.0 = Release|Any CPU
		{2B6D6C01-9FCC-497B-8710-040DFB49F2D8}.Release|x86.ActiveCfg = Release|Any CPU
		{2B6D6C01-9FCC-497B-8710-040DFB49F2D8}.Release|x86.Build.0 = Release|Any CPU
	EndGlobalSection
	GlobalSection(SolutionProperties) = preSolution
		HideSolutionNode = FALSE
	EndGlobalSection
	GlobalSection(ExtensibilityGlobals) = postSolution
		SolutionGuid = {FCFA7E53-E1F6-43BF-B940-78B1A9E8F24F}
	EndGlobalSection
EndGlobal
